
Microsoft Visual Studio Solution File, Format Version 12.00
# Visual Studio 14
VisualStudioVersion = 14.0.25420.1
MinimumVisualStudioVersion = 10.0.40219.1
Project("{FAE04EC0-301F-11D3-BF4B-00C04F79EFBC}") = "MusicLibrary.Web", "MusicLibrary.Web\MusicLibrary.Web.csproj", "{221B4E7F-9530-4C88-A213-5D369640E51D}"
EndProject
Project("{FAE04EC0-301F-11D3-BF4B-00C04F79EFBC}") = "MusicLibrary.Data", "MusicLibrary.Data\MusicLibrary.Data.csproj", "{049355E6-5343-4FCE-8556-388DC2262DCC}"
EndProject
Project("{FAE04EC0-301F-11D3-BF4B-00C04F79EFBC}") = "MusicLibrary.Models", "MusicLibrary.Models\MusicLibrary.Models.csproj", "{0768BE4D-54C1-40C6-9687-76C221AC91B9}"
EndProject
Project("{FAE04EC0-301F-11D3-BF4B-00C04F79EFBC}") = "MusicLibrary.Services", "MusicLibrary.Services\MusicLibrary.Services.csproj", "{96804F75-73C0-4921-8CEA-EC1F02D36259}"
EndProject
Project("{FAE04EC0-301F-11D3-BF4B-00C04F79EFBC}") = "MusicLibrary.MVP", "MusicLibrary.MVP\MusicLibrary.MVP.csproj", "{FBB8F0FA-A2E1-4A02-8EA9-7272E011032B}"
EndProject
Project("{FAE04EC0-301F-11D3-BF4B-00C04F79EFBC}") = "MusicLibrary.Tests", "MusicLibrary.Tests\MusicLibrary.Tests.csproj", "{EE55D49C-EBB3-4FAF-913B-144233A5B013}"
EndProject
Global
	GlobalSection(SolutionConfigurationPlatforms) = preSolution
		Debug|Any CPU = Debug|Any CPU
		Release|Any CPU = Release|Any CPU
	EndGlobalSection
	GlobalSection(ProjectConfigurationPlatforms) = postSolution
		{221B4E7F-9530-4C88-A213-5D369640E51D}.Debug|Any CPU.ActiveCfg = Debug|Any CPU
		{221B4E7F-9530-4C88-A213-5D369640E51D}.Debug|Any CPU.Build.0 = Debug|Any CPU
		{221B4E7F-9530-4C88-A213-5D369640E51D}.Release|Any CPU.ActiveCfg = Release|Any CPU
		{221B4E7F-9530-4C88-A213-5D369640E51D}.Release|Any CPU.Build.0 = Release|Any CPU
		{049355E6-5343-4FCE-8556-388DC2262DCC}.Debug|Any CPU.ActiveCfg = Debug|Any CPU
		{049355E6-5343-4FCE-8556-388DC2262DCC}.Debug|Any CPU.Build.0 = Debug|Any CPU
		{049355E6-5343-4FCE-8556-388DC2262DCC}.Release|Any CPU.ActiveCfg = Release|Any CPU
		{049355E6-5343-4FCE-8556-388DC2262DCC}.Release|Any CPU.Build.0 = Release|Any CPU
		{0768BE4D-54C1-40C6-9687-76C221AC91B9}.Debug|Any CPU.ActiveCfg = Debug|Any CPU
		{0768BE4D-54C1-40C6-9687-76C221AC91B9}.Debug|Any CPU.Build.0 = Debug|Any CPU
		{0768BE4D-54C1-40C6-9687-76C221AC91B9}.Release|Any CPU.ActiveCfg = Release|Any CPU
		{0768BE4D-54C1-40C6-9687-76C221AC91B9}.Release|Any CPU.Build.0 = Release|Any CPU
		{96804F75-73C0-4921-8CEA-EC1F02D36259}.Debug|Any CPU.ActiveCfg = Debug|Any CPU
		{96804F75-73C0-4921-8CEA-EC1F02D36259}.Debug|Any CPU.Build.0 = Debug|Any CPU
		{96804F75-73C0-4921-8CEA-EC1F02D36259}.Release|Any CPU.ActiveCfg = Release|Any CPU
		{96804F75-73C0-4921-8CEA-EC1F02D36259}.Release|Any CPU.Build.0 = Release|Any CPU
		{FBB8F0FA-A2E1-4A02-8EA9-7272E011032B}.Debug|Any CPU.ActiveCfg = Debug|Any CPU
		{FBB8F0FA-A2E1-4A02-8EA9-7272E011032B}.Debug|Any CPU.Build.0 = Debug|Any CPU
		{FBB8F0FA-A2E1-4A02-8EA9-7272E011032B}.Release|Any CPU.ActiveCfg = Release|Any CPU
		{FBB8F0FA-A2E1-4A02-8EA9-7272E011032B}.Release|Any CPU.Build.0 = Release|Any CPU
		{EE55D49C-EBB3-4FAF-913B-144233A5B013}.Debug|Any CPU.ActiveCfg = Debug|Any CPU
		{EE55D49C-EBB3-4FAF-913B-144233A5B013}.Debug|Any CPU.Build.0 = Debug|Any CPU
		{EE55D49C-EBB3-4FAF-913B-144233A5B013}.Release|Any CPU.ActiveCfg = Release|Any CPU
		{EE55D49C-EBB3-4FAF-913B-144233A5B013}.Release|Any CPU.Build.0 = Release|Any CPU
	EndGlobalSection
	GlobalSection(SolutionProperties) = preSolution
		HideSolutionNode = FALSE
	EndGlobalSection
EndGlobal
